<?xml version="1.0" encoding="utf-8"?>
<Project ToolsVersion="4.0" xmlns="http://schemas.microsoft.com/developer/msbuild/2003">
  <ItemGroup>
    <Filter Include="Source Files">
      <UniqueIdentifier>{4FC737F1-C7A5-4376-A066-2A32D752A2FF}</UniqueIdentifier>
      <Extensions>cpp;c;cc;cxx;c++;cppm;ixx;def;odl;idl;hpj;bat;asm;asmx</Extensions>
    </Filter>
    <Filter Include="Header Files">
      <UniqueIdentifier>{93995380-89BD-4b04-88EB-625FBE52EBFB}</UniqueIdentifier>
      <Extensions>h;hh;hpp;hxx;h++;hm;inl;inc;ipp;xsd</Extensions>
    </Filter>
    <Filter Include="Helper Files">
      <UniqueIdentifier>{c5b4d46e-2528-4d21-8fcc-c1c4e2621798}</UniqueIdentifier>
    </Filter>
    <Filter Include="Demos">
      <UniqueIdentifier>{a71e3064-5ae1-4918-91bc-19289d949630}</UniqueIdentifier>
    </Filter>
    <Filter Include="Demos\Waves">
      <UniqueIdentifier>{d9c89271-5c38-43aa-aa84-9aa57de38c2e}</UniqueIdentifier>
    </Filter>
    <Filter Include="Demos\Skull">
      <UniqueIdentifier>{5ab398af-c0d5-465d-b73e-a3896c7fd4cb}</UniqueIdentifier>
    </Filter>
    <Filter Include="Precompiled Header">
      <UniqueIdentifier>{c1720695-23eb-45d5-bfc9-58e4f13eb71e}</UniqueIdentifier>
    </Filter>
    <Filter Include="Source Files\NPComponents">
      <UniqueIdentifier>{3be45c90-d455-491f-b13d-5ed17ee8cd10}</UniqueIdentifier>
    </Filter>
    <Filter Include="Source Files\NPObjects">
      <UniqueIdentifier>{4b71536b-5eb3-4b9a-b302-80c57d956645}</UniqueIdentifier>
    </Filter>
    <Filter Include="Source Files\NPEffects">
      <UniqueIdentifier>{91a1403b-93ba-458b-bc7a-5295a8bc2d4c}</UniqueIdentifier>
    </Filter>
    <Filter Include="Source Files\NPEffects\FX">
      <UniqueIdentifier>{b7ed2174-bf46-4fc7-b637-32d21fd341a5}</UniqueIdentifier>
    </Filter>
  </ItemGroup>
  <ItemGroup>
    <ClCompile Include="main.cpp">
      <Filter>Source Files</Filter>
    </ClCompile>
    <ClCompile Include="d3dApp.cpp">
      <Filter>Source Files</Filter>
    </ClCompile>
    <ClCompile Include="NPGameEngine.cpp">
      <Filter>Source Files</Filter>
    </ClCompile>
    <ClCompile Include="d3dUtil.cpp">
      <Filter>Helper Files</Filter>
    </ClCompile>
    <ClCompile Include="GameTimer.cpp">
      <Filter>Helper Files</Filter>
    </ClCompile>
    <ClCompile Include="GeometryGenerator.cpp">
      <Filter>Helper Files</Filter>
    </ClCompile>
    <ClCompile Include="MathHelper.cpp">
      <Filter>Helper Files</Filter>
    </ClCompile>
    <ClCompile Include="Waves.cpp">
      <Filter>Demos\Waves</Filter>
    </ClCompile>
    <ClCompile Include="DemoSkull.cpp">
      <Filter>Demos\Skull</Filter>
    </ClCompile>
    <ClCompile Include="stdafx.cpp">
      <Filter>Precompiled Header</Filter>
    </ClCompile>
    <ClCompile Include="BaseComponent.cpp">
      <Filter>Source Files\NPComponents</Filter>
    </ClCompile>
    <ClCompile Include="Renderer.cpp">
      <Filter>Source Files\NPComponents</Filter>
    </ClCompile>
    <ClCompile Include="Transform.cpp">
      <Filter>Source Files\NPComponents</Filter>
    </ClCompile>
    <ClCompile Include="BaseObject.cpp">
      <Filter>Source Files\NPObjects</Filter>
    </ClCompile>
    <ClCompile Include="Vertex.cpp">
      <Filter>Source Files\NPEffects</Filter>
    </ClCompile>
    <ClCompile Include="Effects.cpp">
      <Filter>Source Files\NPEffects</Filter>
    </ClCompile>
    <ClCompile Include="Cube.cpp">
      <Filter>Source Files\NPObjects</Filter>
    </ClCompile>
  </ItemGroup>
  <ItemGroup>
    <ClInclude Include="d3dApp.h">
      <Filter>Header Files</Filter>
    </ClInclude>
    <ClInclude Include="NPGameEngine.h">
      <Filter>Header Files</Filter>
    </ClInclude>
    <ClInclude Include="d3dUtil.h">
      <Filter>Helper Files</Filter>
    </ClInclude>
    <ClInclude Include="GameTimer.h">
      <Filter>Helper Files</Filter>
    </ClInclude>
    <ClInclude Include="MathHelper.h">
      <Filter>Helper Files</Filter>
    </ClInclude>
    <ClInclude Include="GeometryGenerator.h">
      <Filter>Helper Files</Filter>
    </ClInclude>
    <ClInclude Include="Waves.h">
      <Filter>Demos\Waves</Filter>
    </ClInclude>
    <ClInclude Include="DemoWave.h">
      <Filter>Demos\Waves</Filter>
    </ClInclude>
    <ClInclude Include="DemoSkull.h">
      <Filter>Demos\Skull</Filter>
    </ClInclude>
    <ClInclude Include="LightHelper.h">
      <Filter>Helper Files</Filter>
    </ClInclude>
    <ClInclude Include="stdafx.h">
      <Filter>Precompiled Header</Filter>
    </ClInclude>
    <ClInclude Include="NPInterfaces.h">
      <Filter>Header Files</Filter>
    </ClInclude>
    <ClInclude Include="BaseComponent.h">
      <Filter>Source Files\NPComponents</Filter>
    </ClInclude>
    <ClInclude Include="Renderer.h">
      <Filter>Source Files\NPComponents</Filter>
    </ClInclude>
    <ClInclude Include="Transform.h">
      <Filter>Source Files\NPComponents</Filter>
    </ClInclude>
    <ClInclude Include="BaseObject.h">
      <Filter>Source Files\NPObjects</Filter>
    </ClInclude>
    <ClInclude Include="Effects.h">
      <Filter>Source Files\NPEffects</Filter>
    </ClInclude>
    <ClInclude Include="Vertex.h">
      <Filter>Source Files\NPEffects</Filter>
    </ClInclude>
    <ClInclude Include="Cube.h">
      <Filter>Source Files\NPObjects</Filter>
    </ClInclude>
  </ItemGroup>
  <ItemGroup>
    <FxCompile Include="FX\LightHelper.fx">
      <Filter>Source Files\NPEffects\FX</Filter>
    </FxCompile>
    <FxCompile Include="FX\Basic.fx">
      <Filter>Source Files\NPEffects\FX</Filter>
    </FxCompile>
  </ItemGroup>
</Project>